
Microsoft Visual Studio Solution File, Format Version 12.00
# Visual Studio Version 16
VisualStudioVersion = 16.0.30804.86
MinimumVisualStudioVersion = 10.0.40219.1
Project("{FAE04EC0-301F-11D3-BF4B-00C04F79EFBC}") = "ClassMetotDemo", "ClassMetotDemo\ClassMetotDemo.csproj", "{C1D2914D-4F14-43B0-843B-4EB29E907B45}"
EndProject
Global
	GlobalSection(SolutionConfigurationPlatforms) = preSolution
		Debug|Any CPU = Debug|Any CPU
		Release|Any CPU = Release|Any CPU
	EndGlobalSection
	GlobalSection(ProjectConfigurationPlatforms) = postSolution
		{C1D2914D-4F14-43B0-843B-4EB29E907B45}.Debug|Any CPU.ActiveCfg = Debug|Any CPU
		{C1D2914D-4F14-43B0-843B-4EB29E907B45}.Debug|Any CPU.Build.0 = Debug|Any CPU
		{C1D2914D-4F14-43B0-843B-4EB29E907B45}.Release|Any CPU.ActiveCfg = Release|Any CPU
		{C1D2914D-4F14-43B0-843B-4EB29E907B45}.Release|Any CPU.Build.0 = Release|Any CPU
	EndGlobalSection
	GlobalSection(SolutionProperties) = preSolution
		HideSolutionNode = FALSE
	EndGlobalSection
	GlobalSection(ExtensibilityGlobals) = postSolution
		SolutionGuid = {757F307D-BB24-4FDD-B0A5-D52F0213979A}
	EndGlobalSection
EndGlobal
